
Microsoft Visual Studio Solution File, Format Version 11.00
# Visual Studio 2010
Project("{FAE04EC0-301F-11D3-BF4B-00C04F79EFBC}") = "NCR", "NCR\NCR.csproj", "{B10699FF-242F-405D-A430-F113AD873B55}"
EndProject
Project("{FAE04EC0-301F-11D3-BF4B-00C04F79EFBC}") = "Iso9660", "..\Iso9660\Iso9660.csproj", "{903AB6C9-CF21-4ACA-BAED-4E6CF61F8B8D}"
EndProject
Global
	GlobalSection(TeamFoundationVersionControl) = preSolution
		SccNumberOfProjects = 3
		SccEnterpriseProvider = {4CA58AB2-18FA-4F8D-95D4-32DDF27D184C}
		SccTeamFoundationServer = http://tfs.corporate.proteamagency.com:8080/tfs/defaultcollection
		SccLocalPath0 = .
		SccProjectUniqueName1 = NCR\\NCR.csproj
		SccLocalPath1 = .
		SccProjectFilePathRelativizedFromConnection1 = NCR\\
		SccProjectUniqueName2 = ..\\Iso9660\\Iso9660.csproj
		SccProjectName2 = ../Iso9660
		SccLocalPath2 = ..\\Iso9660
	EndGlobalSection
	GlobalSection(SolutionConfigurationPlatforms) = preSolution
		Debug|Any CPU = Debug|Any CPU
		Debug|Mixed Platforms = Debug|Mixed Platforms
		Debug|x86 = Debug|x86
		Release|Any CPU = Release|Any CPU
		Release|Mixed Platforms = Release|Mixed Platforms
		Release|x86 = Release|x86
	EndGlobalSection
	GlobalSection(ProjectConfigurationPlatforms) = postSolution
		{B10699FF-242F-405D-A430-F113AD873B55}.Debug|Any CPU.ActiveCfg = Debug|Any CPU
		{B10699FF-242F-405D-A430-F113AD873B55}.Debug|Any CPU.Build.0 = Debug|Any CPU
		{B10699FF-242F-405D-A430-F113AD873B55}.Debug|Mixed Platforms.ActiveCfg = Debug|Any CPU
		{B10699FF-242F-405D-A430-F113AD873B55}.Debug|Mixed Platforms.Build.0 = Debug|Any CPU
		{B10699FF-242F-405D-A430-F113AD873B55}.Debug|x86.ActiveCfg = Debug|Any CPU
		{B10699FF-242F-405D-A430-F113AD873B55}.Release|Any CPU.ActiveCfg = Release|Any CPU
		{B10699FF-242F-405D-A430-F113AD873B55}.Release|Any CPU.Build.0 = Release|Any CPU
		{B10699FF-242F-405D-A430-F113AD873B55}.Release|Mixed Platforms.ActiveCfg = Release|Any CPU
		{B10699FF-242F-405D-A430-F113AD873B55}.Release|Mixed Platforms.Build.0 = Release|Any CPU
		{B10699FF-242F-405D-A430-F113AD873B55}.Release|x86.ActiveCfg = Release|Any CPU
		{903AB6C9-CF21-4ACA-BAED-4E6CF61F8B8D}.Debug|Any CPU.ActiveCfg = Debug|Any CPU
		{903AB6C9-CF21-4ACA-BAED-4E6CF61F8B8D}.Debug|Any CPU.Build.0 = Debug|Any CPU
		{903AB6C9-CF21-4ACA-BAED-4E6CF61F8B8D}.Debug|Mixed Platforms.ActiveCfg = Debug|Any CPU
		{903AB6C9-CF21-4ACA-BAED-4E6CF61F8B8D}.Debug|Mixed Platforms.Build.0 = Debug|Any CPU
		{903AB6C9-CF21-4ACA-BAED-4E6CF61F8B8D}.Debug|x86.ActiveCfg = Debug|Any CPU
		{903AB6C9-CF21-4ACA-BAED-4E6CF61F8B8D}.Release|Any CPU.ActiveCfg = Release|Any CPU
		{903AB6C9-CF21-4ACA-BAED-4E6CF61F8B8D}.Release|Any CPU.Build.0 = Release|Any CPU
		{903AB6C9-CF21-4ACA-BAED-4E6CF61F8B8D}.Release|Mixed Platforms.ActiveCfg = Release|Any CPU
		{903AB6C9-CF21-4ACA-BAED-4E6CF61F8B8D}.Release|Mixed Platforms.Build.0 = Release|Any CPU
		{903AB6C9-CF21-4ACA-BAED-4E6CF61F8B8D}.Release|x86.ActiveCfg = Release|Any CPU
	EndGlobalSection
	GlobalSection(SolutionProperties) = preSolution
		HideSolutionNode = FALSE
	EndGlobalSection
EndGlobal
